
Microsoft Visual Studio Solution File, Format Version 12.00
# Visual Studio Version 17
VisualStudioVersion = 17.14.36518.9 d17.14
MinimumVisualStudioVersion = 10.0.40219.1
Project("{FAE04EC0-301F-11D3-BF4B-00C04F79EFBC}") = "BoekWinkelBestellingSysteem", "BoekWinkelBestellingSysteem\BoekWinkelBestellingSysteem.csproj", "{3CC8E28B-C718-462D-AF55-8BA7F50DFB75}"
EndProject
Global
	GlobalSection(SolutionConfigurationPlatforms) = preSolution
		Debug|Any CPU = Debug|Any CPU
		Release|Any CPU = Release|Any CPU
	EndGlobalSection
	GlobalSection(ProjectConfigurationPlatforms) = postSolution
		{3CC8E28B-C718-462D-AF55-8BA7F50DFB75}.Debug|Any CPU.ActiveCfg = Debug|Any CPU
		{3CC8E28B-C718-462D-AF55-8BA7F50DFB75}.Debug|Any CPU.Build.0 = Debug|Any CPU
		{3CC8E28B-C718-462D-AF55-8BA7F50DFB75}.Release|Any CPU.ActiveCfg = Release|Any CPU
		{3CC8E28B-C718-462D-AF55-8BA7F50DFB75}.Release|Any CPU.Build.0 = Release|Any CPU
	EndGlobalSection
	GlobalSection(SolutionProperties) = preSolution
		HideSolutionNode = FALSE
	EndGlobalSection
	GlobalSection(ExtensibilityGlobals) = postSolution
		SolutionGuid = {5357A5D2-E148-48AB-B6A7-F626DD366929}
	EndGlobalSection
EndGlobal
